
Microsoft Visual Studio Solution File, Format Version 12.00
# Visual Studio Version 17
VisualStudioVersion = 17.0.31912.275
MinimumVisualStudioVersion = 10.0.40219.1
Project("{FAE04EC0-301F-11D3-BF4B-00C04F79EFBC}") = "1denmeqederededlerinekranayazilmasi", "1denmeqederededlerinekranayazilmasi\1denmeqederededlerinekranayazilmasi.csproj", "{970A596F-8075-4E72-8F1D-723C9665F445}"
EndProject
Project("{FAE04EC0-301F-11D3-BF4B-00C04F79EFBC}") = "1den100qederededlerinekranayazilmasi", "..\1den100qederededlerinekranayazilmasi\1den100qederededlerinekranayazilmasi\1den100qederededlerinekranayazilmasi.csproj", "{AF11889F-B16A-4268-8999-DB8A6FEBC32C}"
EndProject
Global
	GlobalSection(SolutionConfigurationPlatforms) = preSolution
		Debug|Any CPU = Debug|Any CPU
		Release|Any CPU = Release|Any CPU
	EndGlobalSection
	GlobalSection(ProjectConfigurationPlatforms) = postSolution
		{970A596F-8075-4E72-8F1D-723C9665F445}.Debug|Any CPU.ActiveCfg = Debug|Any CPU
		{970A596F-8075-4E72-8F1D-723C9665F445}.Debug|Any CPU.Build.0 = Debug|Any CPU
		{970A596F-8075-4E72-8F1D-723C9665F445}.Release|Any CPU.ActiveCfg = Release|Any CPU
		{970A596F-8075-4E72-8F1D-723C9665F445}.Release|Any CPU.Build.0 = Release|Any CPU
		{AF11889F-B16A-4268-8999-DB8A6FEBC32C}.Debug|Any CPU.ActiveCfg = Debug|Any CPU
		{AF11889F-B16A-4268-8999-DB8A6FEBC32C}.Debug|Any CPU.Build.0 = Debug|Any CPU
		{AF11889F-B16A-4268-8999-DB8A6FEBC32C}.Release|Any CPU.ActiveCfg = Release|Any CPU
		{AF11889F-B16A-4268-8999-DB8A6FEBC32C}.Release|Any CPU.Build.0 = Release|Any CPU
	EndGlobalSection
	GlobalSection(SolutionProperties) = preSolution
		HideSolutionNode = FALSE
	EndGlobalSection
	GlobalSection(ExtensibilityGlobals) = postSolution
		SolutionGuid = {CDAFC6C1-41A8-4401-8C55-38627A4C0B6E}
	EndGlobalSection
EndGlobal
