
Microsoft Visual Studio Solution File, Format Version 12.00
# Visual Studio Version 17
VisualStudioVersion = 17.0.31912.275
MinimumVisualStudioVersion = 10.0.40219.1
Project("{FAE04EC0-301F-11D3-BF4B-00C04F79EFBC}") = "exercise7", "exercise7\exercise7.csproj", "{81C545C0-3F7C-4535-86A5-DF58EC310E79}"
EndProject
Global
	GlobalSection(SolutionConfigurationPlatforms) = preSolution
		Debug|Any CPU = Debug|Any CPU
		Release|Any CPU = Release|Any CPU
	EndGlobalSection
	GlobalSection(ProjectConfigurationPlatforms) = postSolution
		{81C545C0-3F7C-4535-86A5-DF58EC310E79}.Debug|Any CPU.ActiveCfg = Debug|Any CPU
		{81C545C0-3F7C-4535-86A5-DF58EC310E79}.Debug|Any CPU.Build.0 = Debug|Any CPU
		{81C545C0-3F7C-4535-86A5-DF58EC310E79}.Release|Any CPU.ActiveCfg = Release|Any CPU
		{81C545C0-3F7C-4535-86A5-DF58EC310E79}.Release|Any CPU.Build.0 = Release|Any CPU
	EndGlobalSection
	GlobalSection(SolutionProperties) = preSolution
		HideSolutionNode = FALSE
	EndGlobalSection
	GlobalSection(ExtensibilityGlobals) = postSolution
		SolutionGuid = {2001C8E5-64B3-44B1-A7B3-8F3DB475C39F}
	EndGlobalSection
EndGlobal
